
Microsoft Visual Studio Solution File, Format Version 12.00
# Visual Studio Version 17
VisualStudioVersion = 17.3.32929.385
MinimumVisualStudioVersion = 10.0.40219.1
Project("{FAE04EC0-301F-11D3-BF4B-00C04F79EFBC}") = "Fabric", "Fabric.csproj", "{E5CEBB09-0F1B-4B09-97B2-E9F712528AFE}"
EndProject
Global
	GlobalSection(SolutionConfigurationPlatforms) = preSolution
		Debug|Any CPU = Debug|Any CPU
		Release|Any CPU = Release|Any CPU
	EndGlobalSection
	GlobalSection(ProjectConfigurationPlatforms) = postSolution
		{E5CEBB09-0F1B-4B09-97B2-E9F712528AFE}.Debug|Any CPU.ActiveCfg = Debug|Any CPU
		{E5CEBB09-0F1B-4B09-97B2-E9F712528AFE}.Debug|Any CPU.Build.0 = Debug|Any CPU
		{E5CEBB09-0F1B-4B09-97B2-E9F712528AFE}.Release|Any CPU.ActiveCfg = Release|Any CPU
		{E5CEBB09-0F1B-4B09-97B2-E9F712528AFE}.Release|Any CPU.Build.0 = Release|Any CPU
	EndGlobalSection
	GlobalSection(SolutionProperties) = preSolution
		HideSolutionNode = FALSE
	EndGlobalSection
	GlobalSection(ExtensibilityGlobals) = postSolution
		SolutionGuid = {5922C956-5C2B-4CF6-A84E-DCFA3587A0F4}
	EndGlobalSection
EndGlobal
